
Microsoft Visual Studio Solution File, Format Version 12.00
# Visual Studio Version 16
VisualStudioVersion = 16.0.31515.178
MinimumVisualStudioVersion = 10.0.40219.1
Project("{8BC9CEB8-8B4A-11D0-8D11-00A0C91BC942}") = "Problem Solving", "Problem Solving\Problem Solving.vcxproj", "{CFE4052F-A781-45C6-A199-6C5846AD76EB}"
EndProject
Project("{8BC9CEB8-8B4A-11D0-8D11-00A0C91BC942}") = "30 Days of Code", "30 Days of Code\30 Days of Code.vcxproj", "{635F7EF0-E216-45DF-AFE1-973373FB7E03}"
EndProject
Global
	GlobalSection(SolutionConfigurationPlatforms) = preSolution
		Debug|x64 = Debug|x64
		Debug|x86 = Debug|x86
		Release|x64 = Release|x64
		Release|x86 = Release|x86
	EndGlobalSection
	GlobalSection(ProjectConfigurationPlatforms) = postSolution
		{CFE4052F-A781-45C6-A199-6C5846AD76EB}.Debug|x64.ActiveCfg = Debug|x64
		{CFE4052F-A781-45C6-A199-6C5846AD76EB}.Debug|x64.Build.0 = Debug|x64
		{CFE4052F-A781-45C6-A199-6C5846AD76EB}.Debug|x86.ActiveCfg = Debug|Win32
		{CFE4052F-A781-45C6-A199-6C5846AD76EB}.Debug|x86.Build.0 = Debug|Win32
		{CFE4052F-A781-45C6-A199-6C5846AD76EB}.Release|x64.ActiveCfg = Release|x64
		{CFE4052F-A781-45C6-A199-6C5846AD76EB}.Release|x64.Build.0 = Release|x64
		{CFE4052F-A781-45C6-A199-6C5846AD76EB}.Release|x86.ActiveCfg = Release|Win32
		{CFE4052F-A781-45C6-A199-6C5846AD76EB}.Release|x86.Build.0 = Release|Win32
		{635F7EF0-E216-45DF-AFE1-973373FB7E03}.Debug|x64.ActiveCfg = Debug|x64
		{635F7EF0-E216-45DF-AFE1-973373FB7E03}.Debug|x64.Build.0 = Debug|x64
		{635F7EF0-E216-45DF-AFE1-973373FB7E03}.Debug|x86.ActiveCfg = Debug|Win32
		{635F7EF0-E216-45DF-AFE1-973373FB7E03}.Debug|x86.Build.0 = Debug|Win32
		{635F7EF0-E216-45DF-AFE1-973373FB7E03}.Release|x64.ActiveCfg = Release|x64
		{635F7EF0-E216-45DF-AFE1-973373FB7E03}.Release|x64.Build.0 = Release|x64
		{635F7EF0-E216-45DF-AFE1-973373FB7E03}.Release|x86.ActiveCfg = Release|Win32
		{635F7EF0-E216-45DF-AFE1-973373FB7E03}.Release|x86.Build.0 = Release|Win32
	EndGlobalSection
	GlobalSection(SolutionProperties) = preSolution
		HideSolutionNode = FALSE
	EndGlobalSection
	GlobalSection(ExtensibilityGlobals) = postSolution
		SolutionGuid = {B9E9B986-A4E7-4ED3-AB0E-99A68B4521BE}
	EndGlobalSection
EndGlobal
